# This file is automatically @generated by Cargo.
# It is not intended for manual editing.
version = 4

[[package]]
name = "cat"
version = "0.1.0"
dependencies = [
 "ulib",
]

[[package]]
name = "echo"
version = "0.1.0"
dependencies = [
 "ulib",
]

[[package]]
name = "init"
version = "0.1.0"
dependencies = [
 "ulib",
]

[[package]]
name = "ls"
version = "0.1.0"
dependencies = [
 "ulib",
]

[[package]]
name = "malloc_test"
version = "0.1.0"
dependencies = [
 "ulib",
]

[[package]]
name = "sh"
version = "0.1.0"
dependencies = [
 "ulib",
]

[[package]]
name = "ulib"
version = "0.1.0"

[[package]]
name = "wc"
version = "0.1.0"
dependencies = [
 "ulib",
]
